// !$*UTF8*$!
{
	archiveVersion = 1;
	classes = {
	};
	objectVersion = 55;
	objects = {

/* Begin PBXBuildFile section */
		36C8D40C27B91F9800644F73 /* AppDelegate.swift in Sources */ = {isa = PBXBuildFile; fileRef = 36C8D40B27B91F9800644F73 /* AppDelegate.swift */; };
		36C8D40E27B91F9800644F73 /* SceneDelegate.swift in Sources */ = {isa = PBXBuildFile; fileRef = 36C8D40D27B91F9800644F73 /* SceneDelegate.swift */; };
		36C8D41327B91F9800644F73 /* Main.storyboard in Resources */ = {isa = PBXBuildFile; fileRef = 36C8D41127B91F9800644F73 /* Main.storyboard */; };
		36C8D41527B91F9A00644F73 /* Assets.xcassets in Resources */ = {isa = PBXBuildFile; fileRef = 36C8D41427B91F9A00644F73 /* Assets.xcassets */; };
		36C8D41827B91F9A00644F73 /* LaunchScreen.storyboard in Resources */ = {isa = PBXBuildFile; fileRef = 36C8D41627B91F9A00644F73 /* LaunchScreen.storyboard */; };
		36C8D42527B922BF00644F73 /* HomeViewController.swift in Sources */ = {isa = PBXBuildFile; fileRef = 36C8D42427B922BF00644F73 /* HomeViewController.swift */; };
		36C8D42C27B992EB00644F73 /* APICaller.swift in Sources */ = {isa = PBXBuildFile; fileRef = 36C8D42B27B992EB00644F73 /* APICaller.swift */; };
		36C8D42F27B9941100644F73 /* Title.swift in Sources */ = {isa = PBXBuildFile; fileRef = 36C8D42E27B9941100644F73 /* Title.swift */; };
		36C8D43227B9B3F100644F73 /* TitleTableViewCell.swift in Sources */ = {isa = PBXBuildFile; fileRef = 36C8D43127B9B3F100644F73 /* TitleTableViewCell.swift */; };
		36C8D43527B9BB5700644F73 /* TitleViewModel.swift in Sources */ = {isa = PBXBuildFile; fileRef = 36C8D43427B9BB5700644F73 /* TitleViewModel.swift */; };
		36C8D43727B9D8BA00644F73 /* SearchResultsViewController.swift in Sources */ = {isa = PBXBuildFile; fileRef = 36C8D43627B9D8BA00644F73 /* SearchResultsViewController.swift */; };
		36C8D43A27B9DD0C00644F73 /* TitleCollectionViewCell.swift in Sources */ = {isa = PBXBuildFile; fileRef = 36C8D43927B9DD0C00644F73 /* TitleCollectionViewCell.swift */; };
		36C8D44127BA399000644F73 /* TitlePreviewViewController.swift in Sources */ = {isa = PBXBuildFile; fileRef = 36C8D44027BA399000644F73 /* TitlePreviewViewController.swift */; };
		36C8D44327BA480E00644F73 /* TitlePreviewViewModel.swift in Sources */ = {isa = PBXBuildFile; fileRef = 36C8D44227BA480E00644F73 /* TitlePreviewViewModel.swift */; };
/* End PBXBuildFile section */

/* Begin PBXFileReference section */
		36C8D40827B91F9800644F73 /* Mooviely.app */ = {isa = PBXFileReference; explicitFileType = wrapper.application; includeInIndex = 0; path = Mooviely.app; sourceTree = BUILT_PRODUCTS_DIR; };
		36C8D40B27B91F9800644F73 /* AppDelegate.swift */ = {isa = PBXFileReference; lastKnownFileType = sourcecode.swift; path = AppDelegate.swift; sourceTree = "<group>"; };
		36C8D40D27B91F9800644F73 /* SceneDelegate.swift */ = {isa = PBXFileReference; lastKnownFileType = sourcecode.swift; path = SceneDelegate.swift; sourceTree = "<group>"; };
		36C8D41227B91F9800644F73 /* Base */ = {isa = PBXFileReference; lastKnownFileType = file.storyboard; name = Base; path = Base.lproj/Main.storyboard; sourceTree = "<group>"; };
		36C8D41427B91F9A00644F73 /* Assets.xcassets */ = {isa = PBXFileReference; lastKnownFileType = folder.assetcatalog; path = Assets.xcassets; sourceTree = "<group>"; };
		36C8D41727B91F9A00644F73 /* Base */ = {isa = PBXFileReference; lastKnownFileType = file.storyboard; name = Base; path = Base.lproj/LaunchScreen.storyboard; sourceTree = "<group>"; };
		36C8D41927B91F9A00644F73 /* Info.plist */ = {isa = PBXFileReference; lastKnownFileType = text.plist.xml; path = Info.plist; sourceTree = "<group>"; };
		36C8D42427B922BF00644F73 /* HomeViewController.swift */ = {isa = PBXFileReference; lastKnownFileType = sourcecode.swift; path = HomeViewController.swift; sourceTree = "<group>"; };
		36C8D42B27B992EB00644F73 /* APICaller.swift */ = {isa = PBXFileReference; lastKnownFileType = sourcecode.swift; path = APICaller.swift; sourceTree = "<group>"; };
		36C8D42E27B9941100644F73 /* Title.swift */ = {isa = PBXFileReference; lastKnownFileType = sourcecode.swift; path = Title.swift; sourceTree = "<group>"; };
		36C8D43127B9B3F100644F73 /* TitleTableViewCell.swift */ = {isa = PBXFileReference; lastKnownFileType = sourcecode.swift; path = TitleTableViewCell.swift; sourceTree = "<group>"; };
		36C8D43427B9BB5700644F73 /* TitleViewModel.swift */ = {isa = PBXFileReference; lastKnownFileType = sourcecode.swift; path = TitleViewModel.swift; sourceTree = "<group>"; };
		36C8D43627B9D8BA00644F73 /* SearchResultsViewController.swift */ = {isa = PBXFileReference; lastKnownFileType = sourcecode.swift; path = SearchResultsViewController.swift; sourceTree = "<group>"; };
		36C8D43927B9DD0C00644F73 /* TitleCollectionViewCell.swift */ = {isa = PBXFileReference; lastKnownFileType = sourcecode.swift; path = TitleCollectionViewCell.swift; sourceTree = "<group>"; };
		36C8D44027BA399000644F73 /* TitlePreviewViewController.swift */ = {isa = PBXFileReference; lastKnownFileType = sourcecode.swift; path = TitlePreviewViewController.swift; sourceTree = "<group>"; };
		36C8D44227BA480E00644F73 /* TitlePreviewViewModel.swift */ = {isa = PBXFileReference; lastKnownFileType = sourcecode.swift; path = TitlePreviewViewModel.swift; sourceTree = "<group>"; };
/* End PBXFileReference section */

/* Begin PBXFrameworksBuildPhase section */
		36C8D40527B91F9800644F73 /* Frameworks */ = {
			isa = PBXFrameworksBuildPhase;
			buildActionMask = 2147483647;
			files = (
			);
			runOnlyForDeploymentPostprocessing = 0;
		};
/* End PBXFrameworksBuildPhase section */

/* Begin PBXGroup section */
		36C8D3FF27B91F9800644F73 = {
			isa = PBXGroup;
			children = (
				36C8D40A27B91F9800644F73 /* Mooviely */,
				36C8D40927B91F9800644F73 /* Products */,
			);
			sourceTree = "<group>";
		};
		36C8D40927B91F9800644F73 /* Products */ = {
			isa = PBXGroup;
			children = (
				36C8D40827B91F9800644F73 /* Mooviely.app */,
			);
			name = Products;
			sourceTree = "<group>";
		};
		36C8D40A27B91F9800644F73 /* Mooviely */ = {
			isa = PBXGroup;
			children = (
				36C8D42A27B992D800644F73 /* Managers */,
				36C8D42D27B993F100644F73 /* Model */,
				36C8D43827B9DBFE00644F73 /* ViewModel */,
				36C8D43027B9B3A900644F73 /* View */,
				36C8D42027B9200C00644F73 /* Controllers */,
				36C8D43327B9B60800644F73 /* Resources */,
				36C8D41927B91F9A00644F73 /* Info.plist */,
			);
			path = Mooviely;
			sourceTree = "<group>";
		};
		36C8D42027B9200C00644F73 /* Controllers */ = {
			isa = PBXGroup;
			children = (
				36C8D42427B922BF00644F73 /* HomeViewController.swift */,
				36C8D43627B9D8BA00644F73 /* SearchResultsViewController.swift */,
			);
			path = Controllers;
			sourceTree = "<group>";
		};
		36C8D42A27B992D800644F73 /* Managers */ = {
			isa = PBXGroup;
			children = (
				36C8D42B27B992EB00644F73 /* APICaller.swift */,
			);
			path = Managers;
			sourceTree = "<group>";
		};
		36C8D42D27B993F100644F73 /* Model */ = {
			isa = PBXGroup;
			children = (
				36C8D42E27B9941100644F73 /* Title.swift */,
			);
			path = Model;
			sourceTree = "<group>";
		};
		36C8D43027B9B3A900644F73 /* View */ = {
			isa = PBXGroup;
			children = (
				36C8D43127B9B3F100644F73 /* TitleTableViewCell.swift */,
				36C8D43927B9DD0C00644F73 /* TitleCollectionViewCell.swift */,
				36C8D44027BA399000644F73 /* TitlePreviewViewController.swift */,
			);
			path = View;
			sourceTree = "<group>";
		};
		36C8D43327B9B60800644F73 /* Resources */ = {
			isa = PBXGroup;
			children = (
				36C8D41127B91F9800644F73 /* Main.storyboard */,
				36C8D41627B91F9A00644F73 /* LaunchScreen.storyboard */,
				36C8D41427B91F9A00644F73 /* Assets.xcassets */,
				36C8D40D27B91F9800644F73 /* SceneDelegate.swift */,
				36C8D40B27B91F9800644F73 /* AppDelegate.swift */,
			);
			path = Resources;
			sourceTree = "<group>";
		};
		36C8D43827B9DBFE00644F73 /* ViewModel */ = {
			isa = PBXGroup;
			children = (
				36C8D43427B9BB5700644F73 /* TitleViewModel.swift */,
				36C8D44227BA480E00644F73 /* TitlePreviewViewModel.swift */,
			);
			path = ViewModel;
			sourceTree = "<group>";
		};
/* End PBXGroup section */

/* Begin PBXNativeTarget section */
		36C8D40727B91F9800644F73 /* Mooviely */ = {
			isa = PBXNativeTarget;
			buildConfigurationList = 36C8D41C27B91F9A00644F73 /* Build configuration list for PBXNativeTarget "Mooviely" */;
			buildPhases = (
				36C8D40427B91F9800644F73 /* Sources */,
				36C8D40527B91F9800644F73 /* Frameworks */,
				36C8D40627B91F9800644F73 /* Resources */,
			);
			buildRules = (
			);
			dependencies = (
			);
			name = Mooviely;
			packageProductDependencies = (
			);
			productName = Mooviely;
			productReference = 36C8D40827B91F9800644F73 /* Mooviely.app */;
			productType = "com.apple.product-type.application";
		};
/* End PBXNativeTarget section */

/* Begin PBXProject section */
		36C8D40027B91F9800644F73 /* Project object */ = {
			isa = PBXProject;
			attributes = {
				BuildIndependentTargetsInParallel = 1;
				LastSwiftUpdateCheck = 1320;
				LastUpgradeCheck = 1320;
				TargetAttributes = {
					36C8D40727B91F9800644F73 = {
						CreatedOnToolsVersion = 13.2.1;
					};
				};
			};
			buildConfigurationList = 36C8D40327B91F9800644F73 /* Build configuration list for PBXProject "Mooviely" */;
			compatibilityVersion = "Xcode 13.0";
			developmentRegion = en;
			hasScannedForEncodings = 0;
			knownRegions = (
				en,
				Base,
			);
			mainGroup = 36C8D3FF27B91F9800644F73;
			packageReferences = (
			);
			productRefGroup = 36C8D40927B91F9800644F73 /* Products */;
			projectDirPath = "";
			projectRoot = "";
			targets = (
				36C8D40727B91F9800644F73 /* Mooviely */,
			);
		};
/* End PBXProject section */

/* Begin PBXResourcesBuildPhase section */
		36C8D40627B91F9800644F73 /* Resources */ = {
			isa = PBXResourcesBuildPhase;
			buildActionMask = 2147483647;
			files = (
				36C8D41827B91F9A00644F73 /* LaunchScreen.storyboard in Resources */,
				36C8D41527B91F9A00644F73 /* Assets.xcassets in Resources */,
				36C8D41327B91F9800644F73 /* Main.storyboard in Resources */,
			);
			runOnlyForDeploymentPostprocessing = 0;
		};
/* End PBXResourcesBuildPhase section */

/* Begin PBXSourcesBuildPhase section */
		36C8D40427B91F9800644F73 /* Sources */ = {
			isa = PBXSourcesBuildPhase;
			buildActionMask = 2147483647;
			files = (
				36C8D42F27B9941100644F73 /* Title.swift in Sources */,
				36C8D43727B9D8BA00644F73 /* SearchResultsViewController.swift in Sources */,
				36C8D44127BA399000644F73 /* TitlePreviewViewController.swift in Sources */,
				36C8D40C27B91F9800644F73 /* AppDelegate.swift in Sources */,
				36C8D44327BA480E00644F73 /* TitlePreviewViewModel.swift in Sources */,
				36C8D40E27B91F9800644F73 /* SceneDelegate.swift in Sources */,
				36C8D42C27B992EB00644F73 /* APICaller.swift in Sources */,
				36C8D43527B9BB5700644F73 /* TitleViewModel.swift in Sources */,
				36C8D43A27B9DD0C00644F73 /* TitleCollectionViewCell.swift in Sources */,
				36C8D43227B9B3F100644F73 /* TitleTableViewCell.swift in Sources */,
				36C8D42527B922BF00644F73 /* HomeViewController.swift in Sources */,
			);
			runOnlyForDeploymentPostprocessing = 0;
		};
/* End PBXSourcesBuildPhase section */

/* Begin PBXVariantGroup section */
		36C8D41127B91F9800644F73 /* Main.storyboard */ = {
			isa = PBXVariantGroup;
			children = (
				36C8D41227B91F9800644F73 /* Base */,
			);
			name = Main.storyboard;
			sourceTree = "<group>";
		};
		36C8D41627B91F9A00644F73 /* LaunchScreen.storyboard */ = {
			isa = PBXVariantGroup;
			children = (
				36C8D41727B91F9A00644F73 /* Base */,
			);
			name = LaunchScreen.storyboard;
			sourceTree = "<group>";
		};
/* End PBXVariantGroup section */

/* Begin XCBuildConfiguration section */
		36C8D41A27B91F9A00644F73 /* Debug */ = {
			isa = XCBuildConfiguration;
			buildSettings = {
				ALWAYS_SEARCH_USER_PATHS = NO;
				CLANG_ANALYZER_NONNULL = YES;
				CLANG_ANALYZER_NUMBER_OBJECT_CONVERSION = YES_AGGRESSIVE;
				CLANG_CXX_LANGUAGE_STANDARD = "gnu++17";
				CLANG_CXX_LIBRARY = "libc++";
				CLANG_ENABLE_MODULES = YES;
				CLANG_ENABLE_OBJC_ARC = YES;
				CLANG_ENABLE_OBJC_WEAK = YES;
				CLANG_WARN_BLOCK_CAPTURE_AUTORELEASING = YES;
				CLANG_WARN_BOOL_CONVERSION = YES;
				CLANG_WARN_COMMA = YES;
				CLANG_WARN_CONSTANT_CONVERSION = YES;
				CLANG_WARN_DEPRECATED_OBJC_IMPLEMENTATIONS = YES;
				CLANG_WARN_DIRECT_OBJC_ISA_USAGE = YES_ERROR;
				CLANG_WARN_DOCUMENTATION_COMMENTS = YES;
				CLANG_WARN_EMPTY_BODY = YES;
				CLANG_WARN_ENUM_CONVERSION = YES;
				CLANG_WARN_INFINITE_RECURSION = YES;
				CLANG_WARN_INT_CONVERSION = YES;
				CLANG_WARN_NON_LITERAL_NULL_CONVERSION = YES;
				CLANG_WARN_OBJC_IMPLICIT_RETAIN_SELF = YES;
				CLANG_WARN_OBJC_LITERAL_CONVERSION = YES;
				CLANG_WARN_OBJC_ROOT_CLASS = YES_ERROR;
				CLANG_WARN_QUOTED_INCLUDE_IN_FRAMEWORK_HEADER = YES;
				CLANG_WARN_RANGE_LOOP_ANALYSIS = YES;
				CLANG_WARN_STRICT_PROTOTYPES = YES;
				CLANG_WARN_SUSPICIOUS_MOVE = YES;
				CLANG_WARN_UNGUARDED_AVAILABILITY = YES_AGGRESSIVE;
				CLANG_WARN_UNREACHABLE_CODE = YES;
				CLANG_WARN__DUPLICATE_METHOD_MATCH = YES;
				COPY_PHASE_STRIP = NO;
				DEBUG_INFORMATION_FORMAT = dwarf;
				ENABLE_STRICT_OBJC_MSGSEND = YES;
				ENABLE_TESTABILITY = YES;
				GCC_C_LANGUAGE_STANDARD = gnu11;
				GCC_DYNAMIC_NO_PIC = NO;
				GCC_NO_COMMON_BLOCKS = YES;
				GCC_OPTIMIZATION_LEVEL = 0;
				GCC_PREPROCESSOR_DEFINITIONS = (
					"DEBUG=1",
					"$(inherited)",
				);
				GCC_WARN_64_TO_32_BIT_CONVERSION = YES;
				GCC_WARN_ABOUT_RETURN_TYPE = YES_ERROR;
				GCC_WARN_UNDECLARED_SELECTOR = YES;
				GCC_WARN_UNINITIALIZED_AUTOS = YES_AGGRESSIVE;
				GCC_WARN_UNUSED_FUNCTION = YES;
				GCC_WARN_UNUSED_VARIABLE = YES;
				IPHONEOS_DEPLOYMENT_TARGET = 15.2;
				MTL_ENABLE_DEBUG_INFO = INCLUDE_SOURCE;
				MTL_FAST_MATH = YES;
				ONLY_ACTIVE_ARCH = YES;
				SDKROOT = iphoneos;
				SWIFT_ACTIVE_COMPILATION_CONDITIONS = DEBUG;
				SWIFT_OPTIMIZATION_LEVEL = "-Onone";
			};
			name = Debug;
		};
		36C8D41B27B91F9A00644F73 /* Release */ = {
			isa = XCBuildConfiguration;
			buildSettings = {
				ALWAYS_SEARCH_USER_PATHS = NO;
				CLANG_ANALYZER_NONNULL = YES;
				CLANG_ANALYZER_NUMBER_OBJECT_CONVERSION = YES_AGGRESSIVE;
				CLANG_CXX_LANGUAGE_STANDARD = "gnu++17";
				CLANG_CXX_LIBRARY = "libc++";
				CLANG_ENABLE_MODULES = YES;
				CLANG_ENABLE_OBJC_ARC = YES;
				CLANG_ENABLE_OBJC_WEAK = YES;
				CLANG_WARN_BLOCK_CAPTURE_AUTORELEASING = YES;
				CLANG_WARN_BOOL_CONVERSION = YES;
				CLANG_WARN_COMMA = YES;
				CLANG_WARN_CONSTANT_CONVERSION = YES;
				CLANG_WARN_DEPRECATED_OBJC_IMPLEMENTATIONS = YES;
				CLANG_WARN_DIRECT_OBJC_ISA_USAGE = YES_ERROR;
				CLANG_WARN_DOCUMENTATION_COMMENTS = YES;
				CLANG_WARN_EMPTY_BODY = YES;
				CLANG_WARN_ENUM_CONVERSION = YES;
				CLANG_WARN_INFINITE_RECURSION = YES;
				CLANG_WARN_INT_CONVERSION = YES;
				CLANG_WARN_NON_LITERAL_NULL_CONVERSION = YES;
				CLANG_WARN_OBJC_IMPLICIT_RETAIN_SELF = YES;
				CLANG_WARN_OBJC_LITERAL_CONVERSION = YES;
				CLANG_WARN_OBJC_ROOT_CLASS = YES_ERROR;
				CLANG_WARN_QUOTED_INCLUDE_IN_FRAMEWORK_HEADER = YES;
				CLANG_WARN_RANGE_LOOP_ANALYSIS = YES;
				CLANG_WARN_STRICT_PROTOTYPES = YES;
				CLANG_WARN_SUSPICIOUS_MOVE = YES;
				CLANG_WARN_UNGUARDED_AVAILABILITY = YES_AGGRESSIVE;
				CLANG_WARN_UNREACHABLE_CODE = YES;
				CLANG_WARN__DUPLICATE_METHOD_MATCH = YES;
				COPY_PHASE_STRIP = NO;
				DEBUG_INFORMATION_FORMAT = "dwarf-with-dsym";
				ENABLE_NS_ASSERTIONS = NO;
				ENABLE_STRICT_OBJC_MSGSEND = YES;
				GCC_C_LANGUAGE_STANDARD = gnu11;
				GCC_NO_COMMON_BLOCKS = YES;
				GCC_WARN_64_TO_32_BIT_CONVERSION = YES;
				GCC_WARN_ABOUT_RETURN_TYPE = YES_ERROR;
				GCC_WARN_UNDECLARED_SELECTOR = YES;
				GCC_WARN_UNINITIALIZED_AUTOS = YES_AGGRESSIVE;
				GCC_WARN_UNUSED_FUNCTION = YES;
				GCC_WARN_UNUSED_VARIABLE = YES;
				IPHONEOS_DEPLOYMENT_TARGET = 15.2;
				MTL_ENABLE_DEBUG_INFO = NO;
				MTL_FAST_MATH = YES;
				SDKROOT = iphoneos;
				SWIFT_COMPILATION_MODE = wholemodule;
				SWIFT_OPTIMIZATION_LEVEL = "-O";
				VALIDATE_PRODUCT = YES;
			};
			name = Release;
		};
		36C8D41D27B91F9A00644F73 /* Debug */ = {
			isa = XCBuildConfiguration;
			buildSettings = {
				ASSETCATALOG_COMPILER_APPICON_NAME = AppIcon;
				ASSETCATALOG_COMPILER_GLOBAL_ACCENT_COLOR_NAME = AccentColor;
				CODE_SIGN_STYLE = Automatic;
				CURRENT_PROJECT_VERSION = 1;
				DEVELOPMENT_TEAM = 8UV6FT46S2;
				GENERATE_INFOPLIST_FILE = YES;
				INFOPLIST_FILE = Mooviely/Info.plist;
				INFOPLIST_KEY_UIApplicationSupportsIndirectInputEvents = YES;
				INFOPLIST_KEY_UILaunchStoryboardName = LaunchScreen;
				INFOPLIST_KEY_UIMainStoryboardFile = Main;
				INFOPLIST_KEY_UISupportedInterfaceOrientations_iPad = "UIInterfaceOrientationPortrait UIInterfaceOrientationPortraitUpsideDown UIInterfaceOrientationLandscapeLeft UIInterfaceOrientationLandscapeRight";
				INFOPLIST_KEY_UISupportedInterfaceOrientations_iPhone = "UIInterfaceOrientationPortrait UIInterfaceOrientationLandscapeLeft UIInterfaceOrientationLandscapeRight";
				LD_RUNPATH_SEARCH_PATHS = (
					"$(inherited)",
					"@executable_path/Frameworks",
				);
				MARKETING_VERSION = 1.0;
				PRODUCT_BUNDLE_IDENTIFIER = com.iostest.Mooviely;
				PRODUCT_NAME = "$(TARGET_NAME)";
				SWIFT_EMIT_LOC_STRINGS = YES;
				SWIFT_VERSION = 5.0;
				TARGETED_DEVICE_FAMILY = "1,2";
			};
			name = Debug;
		};
		36C8D41E27B91F9A00644F73 /* Release */ = {
			isa = XCBuildConfiguration;
			buildSettings = {
				ASSETCATALOG_COMPILER_APPICON_NAME = AppIcon;
				ASSETCATALOG_COMPILER_GLOBAL_ACCENT_COLOR_NAME = AccentColor;
				CODE_SIGN_STYLE = Automatic;
				CURRENT_PROJECT_VERSION = 1;
				DEVELOPMENT_TEAM = 8UV6FT46S2;
				GENERATE_INFOPLIST_FILE = YES;
				INFOPLIST_FILE = Mooviely/Info.plist;
				INFOPLIST_KEY_UIApplicationSupportsIndirectInputEvents = YES;
				INFOPLIST_KEY_UILaunchStoryboardName = LaunchScreen;
				INFOPLIST_KEY_UIMainStoryboardFile = Main;
				INFOPLIST_KEY_UISupportedInterfaceOrientations_iPad = "UIInterfaceOrientationPortrait UIInterfaceOrientationPortraitUpsideDown UIInterfaceOrientationLandscapeLeft UIInterfaceOrientationLandscapeRight";
				INFOPLIST_KEY_UISupportedInterfaceOrientations_iPhone = "UIInterfaceOrientationPortrait UIInterfaceOrientationLandscapeLeft UIInterfaceOrientationLandscapeRight";
				LD_RUNPATH_SEARCH_PATHS = (
					"$(inherited)",
					"@executable_path/Frameworks",
				);
				MARKETING_VERSION = 1.0;
				PRODUCT_BUNDLE_IDENTIFIER = com.iostest.Mooviely;
				PRODUCT_NAME = "$(TARGET_NAME)";
				SWIFT_EMIT_LOC_STRINGS = YES;
				SWIFT_VERSION = 5.0;
				TARGETED_DEVICE_FAMILY = "1,2";
			};
			name = Release;
		};
/* End XCBuildConfiguration section */

/* Begin XCConfigurationList section */
		36C8D40327B91F9800644F73 /* Build configuration list for PBXProject "Mooviely" */ = {
			isa = XCConfigurationList;
			buildConfigurations = (
				36C8D41A27B91F9A00644F73 /* Debug */,
				36C8D41B27B91F9A00644F73 /* Release */,
			);
			defaultConfigurationIsVisible = 0;
			defaultConfigurationName = Release;
		};
		36C8D41C27B91F9A00644F73 /* Build configuration list for PBXNativeTarget "Mooviely" */ = {
			isa = XCConfigurationList;
			buildConfigurations = (
				36C8D41D27B91F9A00644F73 /* Debug */,
				36C8D41E27B91F9A00644F73 /* Release */,
			);
			defaultConfigurationIsVisible = 0;
			defaultConfigurationName = Release;
		};
/* End XCConfigurationList section */
	};
	rootObject = 36C8D40027B91F9800644F73 /* Project object */;
}
